
Microsoft Visual Studio Solution File, Format Version 12.00
Project("{FAE04EC0-301F-11D3-BF4B-00C04F79EFBC}") = "DotNet2_FS24", "DotNet2_FS24\DotNet2_FS24.csproj", "{BAA99811-D8CC-4EA9-9F7F-D83FE68F5685}"
EndProject
Project("{FAE04EC0-301F-11D3-BF4B-00C04F79EFBC}") = "P4", "P4\P4.csproj", "{17DCBF00-88E7-42D0-AEB7-7A2158226C84}"
EndProject
Project("{FAE04EC0-301F-11D3-BF4B-00C04F79EFBC}") = "P5", "P5\P5.csproj", "{A2C6831E-DC18-4228-9A53-AA6748FCA3C3}"
EndProject
Project("{FAE04EC0-301F-11D3-BF4B-00C04F79EFBC}") = "DT1", "DT1\DT1.csproj", "{BEBC9EA7-55B6-4CF5-A167-EEF780E66768}"
EndProject
Project("{FAE04EC0-301F-11D3-BF4B-00C04F79EFBC}") = "DT2", "DT2\DT2.csproj", "{1E476938-AFF6-4C63-BCDA-2842891EFA49}"
EndProject
Project("{FAE04EC0-301F-11D3-BF4B-00C04F79EFBC}") = "DT3", "DT3\DT3.csproj", "{355DD2D5-0381-45D9-BD0B-7858B6391C8D}"
EndProject
Global
	GlobalSection(SolutionConfigurationPlatforms) = preSolution
		Debug|Any CPU = Debug|Any CPU
		Release|Any CPU = Release|Any CPU
	EndGlobalSection
	GlobalSection(ProjectConfigurationPlatforms) = postSolution
		{BAA99811-D8CC-4EA9-9F7F-D83FE68F5685}.Debug|Any CPU.ActiveCfg = Debug|Any CPU
		{BAA99811-D8CC-4EA9-9F7F-D83FE68F5685}.Debug|Any CPU.Build.0 = Debug|Any CPU
		{BAA99811-D8CC-4EA9-9F7F-D83FE68F5685}.Release|Any CPU.ActiveCfg = Release|Any CPU
		{BAA99811-D8CC-4EA9-9F7F-D83FE68F5685}.Release|Any CPU.Build.0 = Release|Any CPU
		{17DCBF00-88E7-42D0-AEB7-7A2158226C84}.Debug|Any CPU.ActiveCfg = Debug|Any CPU
		{17DCBF00-88E7-42D0-AEB7-7A2158226C84}.Debug|Any CPU.Build.0 = Debug|Any CPU
		{17DCBF00-88E7-42D0-AEB7-7A2158226C84}.Release|Any CPU.ActiveCfg = Release|Any CPU
		{17DCBF00-88E7-42D0-AEB7-7A2158226C84}.Release|Any CPU.Build.0 = Release|Any CPU
		{A2C6831E-DC18-4228-9A53-AA6748FCA3C3}.Debug|Any CPU.ActiveCfg = Debug|Any CPU
		{A2C6831E-DC18-4228-9A53-AA6748FCA3C3}.Debug|Any CPU.Build.0 = Debug|Any CPU
		{A2C6831E-DC18-4228-9A53-AA6748FCA3C3}.Release|Any CPU.ActiveCfg = Release|Any CPU
		{A2C6831E-DC18-4228-9A53-AA6748FCA3C3}.Release|Any CPU.Build.0 = Release|Any CPU
		{BEBC9EA7-55B6-4CF5-A167-EEF780E66768}.Debug|Any CPU.ActiveCfg = Debug|Any CPU
		{BEBC9EA7-55B6-4CF5-A167-EEF780E66768}.Debug|Any CPU.Build.0 = Debug|Any CPU
		{BEBC9EA7-55B6-4CF5-A167-EEF780E66768}.Release|Any CPU.ActiveCfg = Release|Any CPU
		{BEBC9EA7-55B6-4CF5-A167-EEF780E66768}.Release|Any CPU.Build.0 = Release|Any CPU
		{1E476938-AFF6-4C63-BCDA-2842891EFA49}.Debug|Any CPU.ActiveCfg = Debug|Any CPU
		{1E476938-AFF6-4C63-BCDA-2842891EFA49}.Debug|Any CPU.Build.0 = Debug|Any CPU
		{1E476938-AFF6-4C63-BCDA-2842891EFA49}.Release|Any CPU.ActiveCfg = Release|Any CPU
		{1E476938-AFF6-4C63-BCDA-2842891EFA49}.Release|Any CPU.Build.0 = Release|Any CPU
		{355DD2D5-0381-45D9-BD0B-7858B6391C8D}.Debug|Any CPU.ActiveCfg = Debug|Any CPU
		{355DD2D5-0381-45D9-BD0B-7858B6391C8D}.Debug|Any CPU.Build.0 = Debug|Any CPU
		{355DD2D5-0381-45D9-BD0B-7858B6391C8D}.Release|Any CPU.ActiveCfg = Release|Any CPU
		{355DD2D5-0381-45D9-BD0B-7858B6391C8D}.Release|Any CPU.Build.0 = Release|Any CPU
	EndGlobalSection
EndGlobal
